// !$*UTF8*$!
{
	archiveVersion = 1;
	classes = {
	};
	objectVersion = 46;
	objects = {

/* Begin PBXBuildFile section */
		87D8BD241CFFDB2E0087D8DA /* reader_cover@2x.png in Resources */ = {isa = PBXBuildFile; fileRef = 87D8BD231CFFDB2E0087D8DA /* reader_cover@2x.png */; };
		87D8BD271CFFE44A0087D8DA /* LSYViewPagerVC.m in Sources */ = {isa = PBXBuildFile; fileRef = 87D8BD261CFFE44A0087D8DA /* LSYViewPagerVC.m */; };
		AB9A96BC1CFC2EE80066030C /* main.m in Sources */ = {isa = PBXBuildFile; fileRef = AB9A96BB1CFC2EE80066030C /* main.m */; };
		AB9A96BF1CFC2EE80066030C /* AppDelegate.m in Sources */ = {isa = PBXBuildFile; fileRef = AB9A96BE1CFC2EE80066030C /* AppDelegate.m */; };
		AB9A96C21CFC2EE80066030C /* ViewController.m in Sources */ = {isa = PBXBuildFile; fileRef = AB9A96C11CFC2EE80066030C /* ViewController.m */; };
		AB9A96C51CFC2EE80066030C /* Main.storyboard in Resources */ = {isa = PBXBuildFile; fileRef = AB9A96C31CFC2EE80066030C /* Main.storyboard */; };
		AB9A96C71CFC2EE80066030C /* Assets.xcassets in Resources */ = {isa = PBXBuildFile; fileRef = AB9A96C61CFC2EE80066030C /* Assets.xcassets */; };
		AB9A96CA1CFC2EE80066030C /* LaunchScreen.storyboard in Resources */ = {isa = PBXBuildFile; fileRef = AB9A96C81CFC2EE80066030C /* LaunchScreen.storyboard */; };
		AB9A96D41CFC2F480066030C /* LSYReadPageViewController.m in Sources */ = {isa = PBXBuildFile; fileRef = AB9A96D31CFC2F480066030C /* LSYReadPageViewController.m */; };
		AB9A96D71CFC2F6C0066030C /* LSYReadViewController.m in Sources */ = {isa = PBXBuildFile; fileRef = AB9A96D61CFC2F6C0066030C /* LSYReadViewController.m */; };
		AB9A96DA1CFC39290066030C /* LSYReadView.m in Sources */ = {isa = PBXBuildFile; fileRef = AB9A96D91CFC39290066030C /* LSYReadView.m */; };
		AB9A96DE1CFC3A4D0066030C /* LSYReadConfig.m in Sources */ = {isa = PBXBuildFile; fileRef = AB9A96DD1CFC3A4D0066030C /* LSYReadConfig.m */; };
		AB9A96E11CFC3A6A0066030C /* LSYReadParser.m in Sources */ = {isa = PBXBuildFile; fileRef = AB9A96E01CFC3A6A0066030C /* LSYReadParser.m */; };
		AB9A96E41CFC4C8F0066030C /* Chapter1.txt in Resources */ = {isa = PBXBuildFile; fileRef = AB9A96E31CFC4C8F0066030C /* Chapter1.txt */; };
		AB9A96E71CFD25190066030C /* LSYReadUtilites.m in Sources */ = {isa = PBXBuildFile; fileRef = AB9A96E61CFD25190066030C /* LSYReadUtilites.m */; };
		AB9A96EB1CFD27C70066030C /* LSYReadModel.m in Sources */ = {isa = PBXBuildFile; fileRef = AB9A96EA1CFD27C70066030C /* LSYReadModel.m */; };
		AB9A96EE1CFD27D90066030C /* LSYMarkModel.m in Sources */ = {isa = PBXBuildFile; fileRef = AB9A96ED1CFD27D90066030C /* LSYMarkModel.m */; };
		AB9A96F11CFD27ED0066030C /* LSYNoteModel.m in Sources */ = {isa = PBXBuildFile; fileRef = AB9A96F01CFD27ED0066030C /* LSYNoteModel.m */; };
		AB9A96F41CFD27FC0066030C /* LSYChapterModel.mm in Sources */ = {isa = PBXBuildFile; fileRef = AB9A96F31CFD27FC0066030C /* LSYChapterModel.mm */; };
		AB9A96F71CFD2EC70066030C /* LSYRecordModel.m in Sources */ = {isa = PBXBuildFile; fileRef = AB9A96F61CFD2EC70066030C /* LSYRecordModel.m */; };
		ABE8ABD31CFE930F00693078 /* mdjyml.txt in Resources */ = {isa = PBXBuildFile; fileRef = ABE8ABD21CFE930F00693078 /* mdjyml.txt */; };
		ABE8ABD71CFEBB2400693078 /* LSYMenuView.m in Sources */ = {isa = PBXBuildFile; fileRef = ABE8ABD61CFEBB2400693078 /* LSYMenuView.m */; };
		ABE8ABDA1CFEBB7600693078 /* LSYTopMenuView.m in Sources */ = {isa = PBXBuildFile; fileRef = ABE8ABD91CFEBB7600693078 /* LSYTopMenuView.m */; };
		ABE8ABDD1CFEBB8300693078 /* LSYBottomMenuView.m in Sources */ = {isa = PBXBuildFile; fileRef = ABE8ABDC1CFEBB8300693078 /* LSYBottomMenuView.m */; };
		ABE8ABE11CFED88300693078 /* bg_back_white.png in Resources */ = {isa = PBXBuildFile; fileRef = ABE8ABDF1CFED88300693078 /* bg_back_white.png */; };
		ABE8ABE21CFED88300693078 /* bg_back_white@2x.png in Resources */ = {isa = PBXBuildFile; fileRef = ABE8ABE01CFED88300693078 /* bg_back_white@2x.png */; };
		ABE8ABE41CFED8CE00693078 /* reader_more@2x.png in Resources */ = {isa = PBXBuildFile; fileRef = ABE8ABE31CFED8CE00693078 /* reader_more@2x.png */; };
/* End PBXBuildFile section */

/* Begin PBXFileReference section */
		87D8BD231CFFDB2E0087D8DA /* reader_cover@2x.png */ = {isa = PBXFileReference; lastKnownFileType = image.png; path = "reader_cover@2x.png"; sourceTree = "<group>"; };
		87D8BD251CFFE44A0087D8DA /* LSYViewPagerVC.h */ = {isa = PBXFileReference; fileEncoding = 4; lastKnownFileType = sourcecode.c.h; path = LSYViewPagerVC.h; sourceTree = "<group>"; };
		87D8BD261CFFE44A0087D8DA /* LSYViewPagerVC.m */ = {isa = PBXFileReference; fileEncoding = 4; lastKnownFileType = sourcecode.c.objc; path = LSYViewPagerVC.m; sourceTree = "<group>"; };
		AB9A96B71CFC2EE70066030C /* LSYReader.app */ = {isa = PBXFileReference; explicitFileType = wrapper.application; includeInIndex = 0; path = LSYReader.app; sourceTree = BUILT_PRODUCTS_DIR; };
		AB9A96BB1CFC2EE80066030C /* main.m */ = {isa = PBXFileReference; lastKnownFileType = sourcecode.c.objc; path = main.m; sourceTree = "<group>"; };
		AB9A96BD1CFC2EE80066030C /* AppDelegate.h */ = {isa = PBXFileReference; lastKnownFileType = sourcecode.c.h; path = AppDelegate.h; sourceTree = "<group>"; };
		AB9A96BE1CFC2EE80066030C /* AppDelegate.m */ = {isa = PBXFileReference; lastKnownFileType = sourcecode.c.objc; path = AppDelegate.m; sourceTree = "<group>"; };
		AB9A96C01CFC2EE80066030C /* ViewController.h */ = {isa = PBXFileReference; lastKnownFileType = sourcecode.c.h; path = ViewController.h; sourceTree = "<group>"; };
		AB9A96C11CFC2EE80066030C /* ViewController.m */ = {isa = PBXFileReference; lastKnownFileType = sourcecode.c.objc; path = ViewController.m; sourceTree = "<group>"; };
		AB9A96C41CFC2EE80066030C /* Base */ = {isa = PBXFileReference; lastKnownFileType = file.storyboard; name = Base; path = Base.lproj/Main.storyboard; sourceTree = "<group>"; };
		AB9A96C61CFC2EE80066030C /* Assets.xcassets */ = {isa = PBXFileReference; lastKnownFileType = folder.assetcatalog; path = Assets.xcassets; sourceTree = "<group>"; };
		AB9A96C91CFC2EE80066030C /* Base */ = {isa = PBXFileReference; lastKnownFileType = file.storyboard; name = Base; path = Base.lproj/LaunchScreen.storyboard; sourceTree = "<group>"; };
		AB9A96CB1CFC2EE80066030C /* Info.plist */ = {isa = PBXFileReference; lastKnownFileType = text.plist.xml; path = Info.plist; sourceTree = "<group>"; };
		AB9A96D21CFC2F480066030C /* LSYReadPageViewController.h */ = {isa = PBXFileReference; fileEncoding = 4; lastKnownFileType = sourcecode.c.h; path = LSYReadPageViewController.h; sourceTree = "<group>"; };
		AB9A96D31CFC2F480066030C /* LSYReadPageViewController.m */ = {isa = PBXFileReference; fileEncoding = 4; lastKnownFileType = sourcecode.c.objc; path = LSYReadPageViewController.m; sourceTree = "<group>"; };
		AB9A96D51CFC2F6C0066030C /* LSYReadViewController.h */ = {isa = PBXFileReference; fileEncoding = 4; lastKnownFileType = sourcecode.c.h; path = LSYReadViewController.h; sourceTree = "<group>"; };
		AB9A96D61CFC2F6C0066030C /* LSYReadViewController.m */ = {isa = PBXFileReference; fileEncoding = 4; lastKnownFileType = sourcecode.c.objc; path = LSYReadViewController.m; sourceTree = "<group>"; };
		AB9A96D81CFC39290066030C /* LSYReadView.h */ = {isa = PBXFileReference; fileEncoding = 4; lastKnownFileType = sourcecode.c.h; path = LSYReadView.h; sourceTree = "<group>"; };
		AB9A96D91CFC39290066030C /* LSYReadView.m */ = {isa = PBXFileReference; fileEncoding = 4; lastKnownFileType = sourcecode.c.objc; path = LSYReadView.m; sourceTree = "<group>"; };
		AB9A96DC1CFC3A4D0066030C /* LSYReadConfig.h */ = {isa = PBXFileReference; fileEncoding = 4; lastKnownFileType = sourcecode.c.h; path = LSYReadConfig.h; sourceTree = "<group>"; };
		AB9A96DD1CFC3A4D0066030C /* LSYReadConfig.m */ = {isa = PBXFileReference; fileEncoding = 4; lastKnownFileType = sourcecode.c.objc; path = LSYReadConfig.m; sourceTree = "<group>"; };
		AB9A96DF1CFC3A6A0066030C /* LSYReadParser.h */ = {isa = PBXFileReference; fileEncoding = 4; lastKnownFileType = sourcecode.c.h; path = LSYReadParser.h; sourceTree = "<group>"; };
		AB9A96E01CFC3A6A0066030C /* LSYReadParser.m */ = {isa = PBXFileReference; fileEncoding = 4; lastKnownFileType = sourcecode.c.objc; path = LSYReadParser.m; sourceTree = "<group>"; };
		AB9A96E21CFC3AC60066030C /* LSYReader-Prefix.pch */ = {isa = PBXFileReference; lastKnownFileType = sourcecode.c.h; path = "LSYReader-Prefix.pch"; sourceTree = "<group>"; };
		AB9A96E31CFC4C8F0066030C /* Chapter1.txt */ = {isa = PBXFileReference; fileEncoding = 4; lastKnownFileType = text; name = Chapter1.txt; path = ../../Chapter1.txt; sourceTree = "<group>"; };
		AB9A96E51CFD25190066030C /* LSYReadUtilites.h */ = {isa = PBXFileReference; fileEncoding = 4; lastKnownFileType = sourcecode.c.h; path = LSYReadUtilites.h; sourceTree = "<group>"; };
		AB9A96E61CFD25190066030C /* LSYReadUtilites.m */ = {isa = PBXFileReference; fileEncoding = 4; lastKnownFileType = sourcecode.c.objc; path = LSYReadUtilites.m; sourceTree = "<group>"; };
		AB9A96E91CFD27C70066030C /* LSYReadModel.h */ = {isa = PBXFileReference; fileEncoding = 4; lastKnownFileType = sourcecode.c.h; path = LSYReadModel.h; sourceTree = "<group>"; };
		AB9A96EA1CFD27C70066030C /* LSYReadModel.m */ = {isa = PBXFileReference; fileEncoding = 4; lastKnownFileType = sourcecode.c.objc; path = LSYReadModel.m; sourceTree = "<group>"; };
		AB9A96EC1CFD27D90066030C /* LSYMarkModel.h */ = {isa = PBXFileReference; fileEncoding = 4; lastKnownFileType = sourcecode.c.h; path = LSYMarkModel.h; sourceTree = "<group>"; };
		AB9A96ED1CFD27D90066030C /* LSYMarkModel.m */ = {isa = PBXFileReference; fileEncoding = 4; lastKnownFileType = sourcecode.c.objc; path = LSYMarkModel.m; sourceTree = "<group>"; };
		AB9A96EF1CFD27ED0066030C /* LSYNoteModel.h */ = {isa = PBXFileReference; fileEncoding = 4; lastKnownFileType = sourcecode.c.h; path = LSYNoteModel.h; sourceTree = "<group>"; };
		AB9A96F01CFD27ED0066030C /* LSYNoteModel.m */ = {isa = PBXFileReference; fileEncoding = 4; lastKnownFileType = sourcecode.c.objc; path = LSYNoteModel.m; sourceTree = "<group>"; };
		AB9A96F21CFD27FC0066030C /* LSYChapterModel.h */ = {isa = PBXFileReference; fileEncoding = 4; lastKnownFileType = sourcecode.c.h; path = LSYChapterModel.h; sourceTree = "<group>"; };
		AB9A96F31CFD27FC0066030C /* LSYChapterModel.mm */ = {isa = PBXFileReference; fileEncoding = 4; lastKnownFileType = sourcecode.cpp.objcpp; path = LSYChapterModel.mm; sourceTree = "<group>"; };
		AB9A96F51CFD2EC70066030C /* LSYRecordModel.h */ = {isa = PBXFileReference; fileEncoding = 4; lastKnownFileType = sourcecode.c.h; path = LSYRecordModel.h; sourceTree = "<group>"; };
		AB9A96F61CFD2EC70066030C /* LSYRecordModel.m */ = {isa = PBXFileReference; fileEncoding = 4; lastKnownFileType = sourcecode.c.objc; path = LSYRecordModel.m; sourceTree = "<group>"; };
		ABE8ABD21CFE930F00693078 /* mdjyml.txt */ = {isa = PBXFileReference; fileEncoding = 4; lastKnownFileType = text; name = mdjyml.txt; path = ../../mdjyml.txt; sourceTree = "<group>"; };
		ABE8ABD51CFEBB2400693078 /* LSYMenuView.h */ = {isa = PBXFileReference; fileEncoding = 4; lastKnownFileType = sourcecode.c.h; path = LSYMenuView.h; sourceTree = "<group>"; };
		ABE8ABD61CFEBB2400693078 /* LSYMenuView.m */ = {isa = PBXFileReference; fileEncoding = 4; lastKnownFileType = sourcecode.c.objc; path = LSYMenuView.m; sourceTree = "<group>"; };
		ABE8ABD81CFEBB7600693078 /* LSYTopMenuView.h */ = {isa = PBXFileReference; fileEncoding = 4; lastKnownFileType = sourcecode.c.h; path = LSYTopMenuView.h; sourceTree = "<group>"; };
		ABE8ABD91CFEBB7600693078 /* LSYTopMenuView.m */ = {isa = PBXFileReference; fileEncoding = 4; lastKnownFileType = sourcecode.c.objc; path = LSYTopMenuView.m; sourceTree = "<group>"; };
		ABE8ABDB1CFEBB8300693078 /* LSYBottomMenuView.h */ = {isa = PBXFileReference; fileEncoding = 4; lastKnownFileType = sourcecode.c.h; path = LSYBottomMenuView.h; sourceTree = "<group>"; };
		ABE8ABDC1CFEBB8300693078 /* LSYBottomMenuView.m */ = {isa = PBXFileReference; fileEncoding = 4; lastKnownFileType = sourcecode.c.objc; path = LSYBottomMenuView.m; sourceTree = "<group>"; };
		ABE8ABDF1CFED88300693078 /* bg_back_white.png */ = {isa = PBXFileReference; lastKnownFileType = image.png; path = bg_back_white.png; sourceTree = "<group>"; };
		ABE8ABE01CFED88300693078 /* bg_back_white@2x.png */ = {isa = PBXFileReference; lastKnownFileType = image.png; path = "bg_back_white@2x.png"; sourceTree = "<group>"; };
		ABE8ABE31CFED8CE00693078 /* reader_more@2x.png */ = {isa = PBXFileReference; lastKnownFileType = image.png; path = "reader_more@2x.png"; sourceTree = "<group>"; };
/* End PBXFileReference section */

/* Begin PBXFrameworksBuildPhase section */
		AB9A96B41CFC2EE70066030C /* Frameworks */ = {
			isa = PBXFrameworksBuildPhase;
			buildActionMask = 2147483647;
			files = (
			);
			runOnlyForDeploymentPostprocessing = 0;
		};
/* End PBXFrameworksBuildPhase section */

/* Begin PBXGroup section */
		AB9A96AE1CFC2EE70066030C = {
			isa = PBXGroup;
			children = (
				AB9A96B91CFC2EE80066030C /* LSYReader */,
				AB9A96B81CFC2EE70066030C /* Products */,
			);
			sourceTree = "<group>";
		};
		AB9A96B81CFC2EE70066030C /* Products */ = {
			isa = PBXGroup;
			children = (
				AB9A96B71CFC2EE70066030C /* LSYReader.app */,
			);
			name = Products;
			sourceTree = "<group>";
		};
		AB9A96B91CFC2EE80066030C /* LSYReader */ = {
			isa = PBXGroup;
			children = (
				AB9A96D11CFC2F1F0066030C /* Reader */,
				AB9A96BD1CFC2EE80066030C /* AppDelegate.h */,
				AB9A96BE1CFC2EE80066030C /* AppDelegate.m */,
				AB9A96C01CFC2EE80066030C /* ViewController.h */,
				AB9A96C11CFC2EE80066030C /* ViewController.m */,
				AB9A96E21CFC3AC60066030C /* LSYReader-Prefix.pch */,
				AB9A96C31CFC2EE80066030C /* Main.storyboard */,
				AB9A96C61CFC2EE80066030C /* Assets.xcassets */,
				AB9A96C81CFC2EE80066030C /* LaunchScreen.storyboard */,
				AB9A96CB1CFC2EE80066030C /* Info.plist */,
				AB9A96BA1CFC2EE80066030C /* Supporting Files */,
			);
			path = LSYReader;
			sourceTree = "<group>";
		};
		AB9A96BA1CFC2EE80066030C /* Supporting Files */ = {
			isa = PBXGroup;
			children = (
				AB9A96BB1CFC2EE80066030C /* main.m */,
			);
			name = "Supporting Files";
			sourceTree = "<group>";
		};
		AB9A96D11CFC2F1F0066030C /* Reader */ = {
			isa = PBXGroup;
			children = (
				ABE8ABE51CFEDC9200693078 /* Third */,
				ABE8ABDE1CFED82600693078 /* Resource */,
				ABE8ABD41CFEBAD400693078 /* View */,
				AB9A96E81CFD27AE0066030C /* Model */,
				AB9A96DB1CFC39680066030C /* Core */,
				AB9A96D21CFC2F480066030C /* LSYReadPageViewController.h */,
				AB9A96D31CFC2F480066030C /* LSYReadPageViewController.m */,
				AB9A96D51CFC2F6C0066030C /* LSYReadViewController.h */,
				AB9A96D61CFC2F6C0066030C /* LSYReadViewController.m */,
				AB9A96D81CFC39290066030C /* LSYReadView.h */,
				AB9A96D91CFC39290066030C /* LSYReadView.m */,
				87D8BD251CFFE44A0087D8DA /* LSYViewPagerVC.h */,
				87D8BD261CFFE44A0087D8DA /* LSYViewPagerVC.m */,
			);
			path = Reader;
			sourceTree = "<group>";
		};
		AB9A96DB1CFC39680066030C /* Core */ = {
			isa = PBXGroup;
			children = (
				AB9A96DC1CFC3A4D0066030C /* LSYReadConfig.h */,
				AB9A96DD1CFC3A4D0066030C /* LSYReadConfig.m */,
				AB9A96DF1CFC3A6A0066030C /* LSYReadParser.h */,
				AB9A96E01CFC3A6A0066030C /* LSYReadParser.m */,
				AB9A96E51CFD25190066030C /* LSYReadUtilites.h */,
				AB9A96E61CFD25190066030C /* LSYReadUtilites.m */,
			);
			path = Core;
			sourceTree = "<group>";
		};
		AB9A96E81CFD27AE0066030C /* Model */ = {
			isa = PBXGroup;
			children = (
				AB9A96E91CFD27C70066030C /* LSYReadModel.h */,
				AB9A96EA1CFD27C70066030C /* LSYReadModel.m */,
				AB9A96EC1CFD27D90066030C /* LSYMarkModel.h */,
				AB9A96ED1CFD27D90066030C /* LSYMarkModel.m */,
				AB9A96EF1CFD27ED0066030C /* LSYNoteModel.h */,
				AB9A96F01CFD27ED0066030C /* LSYNoteModel.m */,
				AB9A96F21CFD27FC0066030C /* LSYChapterModel.h */,
				AB9A96F31CFD27FC0066030C /* LSYChapterModel.mm */,
				AB9A96F51CFD2EC70066030C /* LSYRecordModel.h */,
				AB9A96F61CFD2EC70066030C /* LSYRecordModel.m */,
			);
			path = Model;
			sourceTree = "<group>";
		};
		ABE8ABD41CFEBAD400693078 /* View */ = {
			isa = PBXGroup;
			children = (
				ABE8ABD51CFEBB2400693078 /* LSYMenuView.h */,
				ABE8ABD61CFEBB2400693078 /* LSYMenuView.m */,
				ABE8ABD81CFEBB7600693078 /* LSYTopMenuView.h */,
				ABE8ABD91CFEBB7600693078 /* LSYTopMenuView.m */,
				ABE8ABDB1CFEBB8300693078 /* LSYBottomMenuView.h */,
				ABE8ABDC1CFEBB8300693078 /* LSYBottomMenuView.m */,
			);
			path = View;
			sourceTree = "<group>";
		};
		ABE8ABDE1CFED82600693078 /* Resource */ = {
			isa = PBXGroup;
			children = (
				ABE8ABD21CFE930F00693078 /* mdjyml.txt */,
				AB9A96E31CFC4C8F0066030C /* Chapter1.txt */,
				ABE8ABE31CFED8CE00693078 /* reader_more@2x.png */,
				ABE8ABDF1CFED88300693078 /* bg_back_white.png */,
				ABE8ABE01CFED88300693078 /* bg_back_white@2x.png */,
				87D8BD231CFFDB2E0087D8DA /* reader_cover@2x.png */,
			);
			path = Resource;
			sourceTree = "<group>";
		};
		ABE8ABE51CFEDC9200693078 /* Third */ = {
			isa = PBXGroup;
			children = (
			);
			path = Third;
			sourceTree = "<group>";
		};
/* End PBXGroup section */

/* Begin PBXNativeTarget section */
		AB9A96B61CFC2EE70066030C /* LSYReader */ = {
			isa = PBXNativeTarget;
			buildConfigurationList = AB9A96CE1CFC2EE80066030C /* Build configuration list for PBXNativeTarget "LSYReader" */;
			buildPhases = (
				AB9A96B31CFC2EE70066030C /* Sources */,
				AB9A96B41CFC2EE70066030C /* Frameworks */,
				AB9A96B51CFC2EE70066030C /* Resources */,
			);
			buildRules = (
			);
			dependencies = (
			);
			name = LSYReader;
			productName = LSYReader;
			productReference = AB9A96B71CFC2EE70066030C /* LSYReader.app */;
			productType = "com.apple.product-type.application";
		};
/* End PBXNativeTarget section */

/* Begin PBXProject section */
		AB9A96AF1CFC2EE70066030C /* Project object */ = {
			isa = PBXProject;
			attributes = {
				LastUpgradeCheck = 0730;
				ORGANIZATIONNAME = okwei;
				TargetAttributes = {
					AB9A96B61CFC2EE70066030C = {
						CreatedOnToolsVersion = 7.3;
					};
				};
			};
			buildConfigurationList = AB9A96B21CFC2EE70066030C /* Build configuration list for PBXProject "LSYReader" */;
			compatibilityVersion = "Xcode 3.2";
			developmentRegion = English;
			hasScannedForEncodings = 0;
			knownRegions = (
				en,
				Base,
			);
			mainGroup = AB9A96AE1CFC2EE70066030C;
			productRefGroup = AB9A96B81CFC2EE70066030C /* Products */;
			projectDirPath = "";
			projectRoot = "";
			targets = (
				AB9A96B61CFC2EE70066030C /* LSYReader */,
			);
		};
/* End PBXProject section */

/* Begin PBXResourcesBuildPhase section */
		AB9A96B51CFC2EE70066030C /* Resources */ = {
			isa = PBXResourcesBuildPhase;
			buildActionMask = 2147483647;
			files = (
				AB9A96CA1CFC2EE80066030C /* LaunchScreen.storyboard in Resources */,
				ABE8ABE21CFED88300693078 /* bg_back_white@2x.png in Resources */,
				ABE8ABD31CFE930F00693078 /* mdjyml.txt in Resources */,
				AB9A96C71CFC2EE80066030C /* Assets.xcassets in Resources */,
				ABE8ABE41CFED8CE00693078 /* reader_more@2x.png in Resources */,
				87D8BD241CFFDB2E0087D8DA /* reader_cover@2x.png in Resources */,
				ABE8ABE11CFED88300693078 /* bg_back_white.png in Resources */,
				AB9A96E41CFC4C8F0066030C /* Chapter1.txt in Resources */,
				AB9A96C51CFC2EE80066030C /* Main.storyboard in Resources */,
			);
			runOnlyForDeploymentPostprocessing = 0;
		};
/* End PBXResourcesBuildPhase section */

/* Begin PBXSourcesBuildPhase section */
		AB9A96B31CFC2EE70066030C /* Sources */ = {
			isa = PBXSourcesBuildPhase;
			buildActionMask = 2147483647;
			files = (
				AB9A96C21CFC2EE80066030C /* ViewController.m in Sources */,
				AB9A96F41CFD27FC0066030C /* LSYChapterModel.mm in Sources */,
				AB9A96DA1CFC39290066030C /* LSYReadView.m in Sources */,
				AB9A96D71CFC2F6C0066030C /* LSYReadViewController.m in Sources */,
				AB9A96E11CFC3A6A0066030C /* LSYReadParser.m in Sources */,
				AB9A96F11CFD27ED0066030C /* LSYNoteModel.m in Sources */,
				ABE8ABDA1CFEBB7600693078 /* LSYTopMenuView.m in Sources */,
				AB9A96EE1CFD27D90066030C /* LSYMarkModel.m in Sources */,
				AB9A96BF1CFC2EE80066030C /* AppDelegate.m in Sources */,
				ABE8ABDD1CFEBB8300693078 /* LSYBottomMenuView.m in Sources */,
				87D8BD271CFFE44A0087D8DA /* LSYViewPagerVC.m in Sources */,
				AB9A96D41CFC2F480066030C /* LSYReadPageViewController.m in Sources */,
				AB9A96F71CFD2EC70066030C /* LSYRecordModel.m in Sources */,
				AB9A96EB1CFD27C70066030C /* LSYReadModel.m in Sources */,
				AB9A96E71CFD25190066030C /* LSYReadUtilites.m in Sources */,
				ABE8ABD71CFEBB2400693078 /* LSYMenuView.m in Sources */,
				AB9A96BC1CFC2EE80066030C /* main.m in Sources */,
				AB9A96DE1CFC3A4D0066030C /* LSYReadConfig.m in Sources */,
			);
			runOnlyForDeploymentPostprocessing = 0;
		};
/* End PBXSourcesBuildPhase section */

/* Begin PBXVariantGroup section */
		AB9A96C31CFC2EE80066030C /* Main.storyboard */ = {
			isa = PBXVariantGroup;
			children = (
				AB9A96C41CFC2EE80066030C /* Base */,
			);
			name = Main.storyboard;
			sourceTree = "<group>";
		};
		AB9A96C81CFC2EE80066030C /* LaunchScreen.storyboard */ = {
			isa = PBXVariantGroup;
			children = (
				AB9A96C91CFC2EE80066030C /* Base */,
			);
			name = LaunchScreen.storyboard;
			sourceTree = "<group>";
		};
/* End PBXVariantGroup section */

/* Begin XCBuildConfiguration section */
		AB9A96CC1CFC2EE80066030C /* Debug */ = {
			isa = XCBuildConfiguration;
			buildSettings = {
				ALWAYS_SEARCH_USER_PATHS = NO;
				CLANG_ANALYZER_NONNULL = YES;
				CLANG_CXX_LANGUAGE_STANDARD = "gnu++0x";
				CLANG_CXX_LIBRARY = "libc++";
				CLANG_ENABLE_MODULES = YES;
				CLANG_ENABLE_OBJC_ARC = YES;
				CLANG_WARN_BOOL_CONVERSION = YES;
				CLANG_WARN_CONSTANT_CONVERSION = YES;
				CLANG_WARN_DIRECT_OBJC_ISA_USAGE = YES_ERROR;
				CLANG_WARN_EMPTY_BODY = YES;
				CLANG_WARN_ENUM_CONVERSION = YES;
				CLANG_WARN_INT_CONVERSION = YES;
				CLANG_WARN_OBJC_ROOT_CLASS = YES_ERROR;
				CLANG_WARN_UNREACHABLE_CODE = YES;
				CLANG_WARN__DUPLICATE_METHOD_MATCH = YES;
				"CODE_SIGN_IDENTITY[sdk=iphoneos*]" = "iPhone Developer";
				COPY_PHASE_STRIP = NO;
				DEBUG_INFORMATION_FORMAT = dwarf;
				ENABLE_STRICT_OBJC_MSGSEND = YES;
				ENABLE_TESTABILITY = YES;
				GCC_C_LANGUAGE_STANDARD = gnu99;
				GCC_DYNAMIC_NO_PIC = NO;
				GCC_NO_COMMON_BLOCKS = YES;
				GCC_OPTIMIZATION_LEVEL = 0;
				GCC_PREPROCESSOR_DEFINITIONS = (
					"DEBUG=1",
					"$(inherited)",
				);
				GCC_WARN_64_TO_32_BIT_CONVERSION = YES;
				GCC_WARN_ABOUT_RETURN_TYPE = YES_ERROR;
				GCC_WARN_UNDECLARED_SELECTOR = YES;
				GCC_WARN_UNINITIALIZED_AUTOS = YES_AGGRESSIVE;
				GCC_WARN_UNUSED_FUNCTION = YES;
				GCC_WARN_UNUSED_VARIABLE = YES;
				IPHONEOS_DEPLOYMENT_TARGET = 9.3;
				MTL_ENABLE_DEBUG_INFO = YES;
				ONLY_ACTIVE_ARCH = YES;
				SDKROOT = iphoneos;
			};
			name = Debug;
		};
		AB9A96CD1CFC2EE80066030C /* Release */ = {
			isa = XCBuildConfiguration;
			buildSettings = {
				ALWAYS_SEARCH_USER_PATHS = NO;
				CLANG_ANALYZER_NONNULL = YES;
				CLANG_CXX_LANGUAGE_STANDARD = "gnu++0x";
				CLANG_CXX_LIBRARY = "libc++";
				CLANG_ENABLE_MODULES = YES;
				CLANG_ENABLE_OBJC_ARC = YES;
				CLANG_WARN_BOOL_CONVERSION = YES;
				CLANG_WARN_CONSTANT_CONVERSION = YES;
				CLANG_WARN_DIRECT_OBJC_ISA_USAGE = YES_ERROR;
				CLANG_WARN_EMPTY_BODY = YES;
				CLANG_WARN_ENUM_CONVERSION = YES;
				CLANG_WARN_INT_CONVERSION = YES;
				CLANG_WARN_OBJC_ROOT_CLASS = YES_ERROR;
				CLANG_WARN_UNREACHABLE_CODE = YES;
				CLANG_WARN__DUPLICATE_METHOD_MATCH = YES;
				"CODE_SIGN_IDENTITY[sdk=iphoneos*]" = "iPhone Developer";
				COPY_PHASE_STRIP = NO;
				DEBUG_INFORMATION_FORMAT = "dwarf-with-dsym";
				ENABLE_NS_ASSERTIONS = NO;
				ENABLE_STRICT_OBJC_MSGSEND = YES;
				GCC_C_LANGUAGE_STANDARD = gnu99;
				GCC_NO_COMMON_BLOCKS = YES;
				GCC_WARN_64_TO_32_BIT_CONVERSION = YES;
				GCC_WARN_ABOUT_RETURN_TYPE = YES_ERROR;
				GCC_WARN_UNDECLARED_SELECTOR = YES;
				GCC_WARN_UNINITIALIZED_AUTOS = YES_AGGRESSIVE;
				GCC_WARN_UNUSED_FUNCTION = YES;
				GCC_WARN_UNUSED_VARIABLE = YES;
				IPHONEOS_DEPLOYMENT_TARGET = 9.3;
				MTL_ENABLE_DEBUG_INFO = NO;
				SDKROOT = iphoneos;
				VALIDATE_PRODUCT = YES;
			};
			name = Release;
		};
		AB9A96CF1CFC2EE80066030C /* Debug */ = {
			isa = XCBuildConfiguration;
			buildSettings = {
				ASSETCATALOG_COMPILER_APPICON_NAME = AppIcon;
				GCC_PREFIX_HEADER = "LSYReader/LSYReader-Prefix.pch";
				INFOPLIST_FILE = LSYReader/Info.plist;
				LD_RUNPATH_SEARCH_PATHS = "$(inherited) @executable_path/Frameworks";
				PRODUCT_BUNDLE_IDENTIFIER = com.okwei.LSYReader;
				PRODUCT_NAME = "$(TARGET_NAME)";
			};
			name = Debug;
		};
		AB9A96D01CFC2EE80066030C /* Release */ = {
			isa = XCBuildConfiguration;
			buildSettings = {
				ASSETCATALOG_COMPILER_APPICON_NAME = AppIcon;
				GCC_PREFIX_HEADER = "LSYReader/LSYReader-Prefix.pch";
				INFOPLIST_FILE = LSYReader/Info.plist;
				LD_RUNPATH_SEARCH_PATHS = "$(inherited) @executable_path/Frameworks";
				PRODUCT_BUNDLE_IDENTIFIER = com.okwei.LSYReader;
				PRODUCT_NAME = "$(TARGET_NAME)";
			};
			name = Release;
		};
/* End XCBuildConfiguration section */

/* Begin XCConfigurationList section */
		AB9A96B21CFC2EE70066030C /* Build configuration list for PBXProject "LSYReader" */ = {
			isa = XCConfigurationList;
			buildConfigurations = (
				AB9A96CC1CFC2EE80066030C /* Debug */,
				AB9A96CD1CFC2EE80066030C /* Release */,
			);
			defaultConfigurationIsVisible = 0;
			defaultConfigurationName = Release;
		};
		AB9A96CE1CFC2EE80066030C /* Build configuration list for PBXNativeTarget "LSYReader" */ = {
			isa = XCConfigurationList;
			buildConfigurations = (
				AB9A96CF1CFC2EE80066030C /* Debug */,
				AB9A96D01CFC2EE80066030C /* Release */,
			);
			defaultConfigurationIsVisible = 0;
			defaultConfigurationName = Release;
		};
/* End XCConfigurationList section */
	};
	rootObject = AB9A96AF1CFC2EE70066030C /* Project object */;
}
